
Microsoft Visual Studio Solution File, Format Version 12.00
# Visual Studio 2013
VisualStudioVersion = 12.0.30501.0
MinimumVisualStudioVersion = 10.0.40219.1
Project("{FAE04EC0-301F-11D3-BF4B-00C04F79EFBC}") = "printMe", "printMe\printMe.csproj", "{BD0846C8-5A49-40B0-A5A8-C409CE1C6CBB}"
EndProject
Global
	GlobalSection(SolutionConfigurationPlatforms) = preSolution
		Debug|Any CPU = Debug|Any CPU
		Release|Any CPU = Release|Any CPU
	EndGlobalSection
	GlobalSection(ProjectConfigurationPlatforms) = postSolution
		{BD0846C8-5A49-40B0-A5A8-C409CE1C6CBB}.Debug|Any CPU.ActiveCfg = Debug|Any CPU
		{BD0846C8-5A49-40B0-A5A8-C409CE1C6CBB}.Debug|Any CPU.Build.0 = Debug|Any CPU
		{BD0846C8-5A49-40B0-A5A8-C409CE1C6CBB}.Release|Any CPU.ActiveCfg = Release|Any CPU
		{BD0846C8-5A49-40B0-A5A8-C409CE1C6CBB}.Release|Any CPU.Build.0 = Release|Any CPU
	EndGlobalSection
	GlobalSection(SolutionProperties) = preSolution
		HideSolutionNode = FALSE
	EndGlobalSection
EndGlobal
